{
  "originHash" : "5a59f68f8ea11774aba40fcee596e423bb6b11bc525e19fdc61b15b4cba13e0a",
  "pins" : [
    {
      "identity" : "cryptorepopackage",
      "kind" : "remoteSourceControl",
      "location" : "https://github.com/marcelomogrovejo/cryptorepopackage.git",
      "state" : {
        "branch" : "main",
        "revision" : "746491b8190815fd39b0517610879d42cc096d8e"
      }
    },
    {
      "identity" : "kingfisher",
      "kind" : "remoteSourceControl",
      "location" : "https://github.com/onevcat/Kingfisher.git",
      "state" : {
        "revision" : "2ef543ee21d63734e1c004ad6c870255e8716c50",
        "version" : "7.12.0"
      }
    }
  ],
  "version" : 3
}
