// !$*UTF8*$!
{
	archiveVersion = 1;
	classes = {
	};
	objectVersion = 56;
	objects = {

/* Begin PBXBuildFile section */
		BD8B11E22C8614700058D960 /* CryptoDemoApp.swift in Sources */ = {isa = PBXBuildFile; fileRef = BD8B11E12C8614700058D960 /* CryptoDemoApp.swift */; };
		BD8B11E42C8614700058D960 /* HomeView.swift in Sources */ = {isa = PBXBuildFile; fileRef = BD8B11E32C8614700058D960 /* HomeView.swift */; };
		BD8B11E62C8614730058D960 /* Assets.xcassets in Resources */ = {isa = PBXBuildFile; fileRef = BD8B11E52C8614730058D960 /* Assets.xcassets */; };
		BD8B11E92C8614730058D960 /* Preview Assets.xcassets in Resources */ = {isa = PBXBuildFile; fileRef = BD8B11E82C8614730058D960 /* Preview Assets.xcassets */; };
		BD8B11F42C86150D0058D960 /* TopMoversItemView.swift in Sources */ = {isa = PBXBuildFile; fileRef = BD8B11F32C86150D0058D960 /* TopMoversItemView.swift */; };
		BD8B11F62C8617640058D960 /* TopMoversView.swift in Sources */ = {isa = PBXBuildFile; fileRef = BD8B11F52C8617640058D960 /* TopMoversView.swift */; };
		BD8B11F82C861A070058D960 /* AllCoinsView.swift in Sources */ = {isa = PBXBuildFile; fileRef = BD8B11F72C861A070058D960 /* AllCoinsView.swift */; };
		BD8B11FA2C861A940058D960 /* CoinRowView.swift in Sources */ = {isa = PBXBuildFile; fileRef = BD8B11F92C861A940058D960 /* CoinRowView.swift */; };
		BD8B11FD2C86257B0058D960 /* Coin.swift in Sources */ = {isa = PBXBuildFile; fileRef = BD8B11FC2C86257B0058D960 /* Coin.swift */; };
		BDD96BAB2C86EB800098F412 /* HomeViewModel.swift in Sources */ = {isa = PBXBuildFile; fileRef = BDD96BAA2C86EB800098F412 /* HomeViewModel.swift */; };
		BDD96BB12C87013C0098F412 /* Kingfisher in Frameworks */ = {isa = PBXBuildFile; productRef = BDD96BB02C87013C0098F412 /* Kingfisher */; };
		BDD96BB42C8703410098F412 /* Double+Formatter.swift in Sources */ = {isa = PBXBuildFile; fileRef = BDD96BB32C8703410098F412 /* Double+Formatter.swift */; };
		BDD96BB72C871CBD0098F412 /* CryptoRepoPackage in Frameworks */ = {isa = PBXBuildFile; productRef = BDD96BB62C871CBD0098F412 /* CryptoRepoPackage */; };
/* End PBXBuildFile section */

/* Begin PBXFileReference section */
		BD8B11DE2C8614700058D960 /* CryptoDemo.app */ = {isa = PBXFileReference; explicitFileType = wrapper.application; includeInIndex = 0; path = CryptoDemo.app; sourceTree = BUILT_PRODUCTS_DIR; };
		BD8B11E12C8614700058D960 /* CryptoDemoApp.swift */ = {isa = PBXFileReference; lastKnownFileType = sourcecode.swift; path = CryptoDemoApp.swift; sourceTree = "<group>"; };
		BD8B11E32C8614700058D960 /* HomeView.swift */ = {isa = PBXFileReference; lastKnownFileType = sourcecode.swift; path = HomeView.swift; sourceTree = "<group>"; };
		BD8B11E52C8614730058D960 /* Assets.xcassets */ = {isa = PBXFileReference; lastKnownFileType = folder.assetcatalog; path = Assets.xcassets; sourceTree = "<group>"; };
		BD8B11E82C8614730058D960 /* Preview Assets.xcassets */ = {isa = PBXFileReference; lastKnownFileType = folder.assetcatalog; path = "Preview Assets.xcassets"; sourceTree = "<group>"; };
		BD8B11F32C86150D0058D960 /* TopMoversItemView.swift */ = {isa = PBXFileReference; lastKnownFileType = sourcecode.swift; path = TopMoversItemView.swift; sourceTree = "<group>"; };
		BD8B11F52C8617640058D960 /* TopMoversView.swift */ = {isa = PBXFileReference; lastKnownFileType = sourcecode.swift; path = TopMoversView.swift; sourceTree = "<group>"; };
		BD8B11F72C861A070058D960 /* AllCoinsView.swift */ = {isa = PBXFileReference; lastKnownFileType = sourcecode.swift; path = AllCoinsView.swift; sourceTree = "<group>"; };
		BD8B11F92C861A940058D960 /* CoinRowView.swift */ = {isa = PBXFileReference; lastKnownFileType = sourcecode.swift; path = CoinRowView.swift; sourceTree = "<group>"; };
		BD8B11FC2C86257B0058D960 /* Coin.swift */ = {isa = PBXFileReference; lastKnownFileType = sourcecode.swift; path = Coin.swift; sourceTree = "<group>"; };
		BDD96BAA2C86EB800098F412 /* HomeViewModel.swift */ = {isa = PBXFileReference; lastKnownFileType = sourcecode.swift; path = HomeViewModel.swift; sourceTree = "<group>"; };
		BDD96BB32C8703410098F412 /* Double+Formatter.swift */ = {isa = PBXFileReference; lastKnownFileType = sourcecode.swift; path = "Double+Formatter.swift"; sourceTree = "<group>"; };
/* End PBXFileReference section */

/* Begin PBXFrameworksBuildPhase section */
		BD8B11DB2C8614700058D960 /* Frameworks */ = {
			isa = PBXFrameworksBuildPhase;
			buildActionMask = 2147483647;
			files = (
				BDD96BB72C871CBD0098F412 /* CryptoRepoPackage in Frameworks */,
				BDD96BB12C87013C0098F412 /* Kingfisher in Frameworks */,
			);
			runOnlyForDeploymentPostprocessing = 0;
		};
/* End PBXFrameworksBuildPhase section */

/* Begin PBXGroup section */
		BD8B11D52C8614700058D960 = {
			isa = PBXGroup;
			children = (
				BD8B11E02C8614700058D960 /* CryptoDemo */,
				BD8B11DF2C8614700058D960 /* Products */,
				BDD96BAC2C86EE0C0098F412 /* Frameworks */,
			);
			sourceTree = "<group>";
		};
		BD8B11DF2C8614700058D960 /* Products */ = {
			isa = PBXGroup;
			children = (
				BD8B11DE2C8614700058D960 /* CryptoDemo.app */,
			);
			name = Products;
			sourceTree = "<group>";
		};
		BD8B11E02C8614700058D960 /* CryptoDemo */ = {
			isa = PBXGroup;
			children = (
				BDD96BB22C87032C0098F412 /* Extension */,
				BD8B11EF2C86149B0058D960 /* Scene */,
				BD8B11E12C8614700058D960 /* CryptoDemoApp.swift */,
				BD8B11E52C8614730058D960 /* Assets.xcassets */,
				BD8B11E72C8614730058D960 /* Preview Content */,
			);
			path = CryptoDemo;
			sourceTree = "<group>";
		};
		BD8B11E72C8614730058D960 /* Preview Content */ = {
			isa = PBXGroup;
			children = (
				BD8B11E82C8614730058D960 /* Preview Assets.xcassets */,
			);
			path = "Preview Content";
			sourceTree = "<group>";
		};
		BD8B11EF2C86149B0058D960 /* Scene */ = {
			isa = PBXGroup;
			children = (
				BD8B11F02C8614A50058D960 /* Home */,
			);
			path = Scene;
			sourceTree = "<group>";
		};
		BD8B11F02C8614A50058D960 /* Home */ = {
			isa = PBXGroup;
			children = (
				BD8B11FB2C86256C0058D960 /* Model */,
				BD8B11F22C8614B60058D960 /* ViewModel */,
				BD8B11F12C8614AB0058D960 /* View */,
			);
			path = Home;
			sourceTree = "<group>";
		};
		BD8B11F12C8614AB0058D960 /* View */ = {
			isa = PBXGroup;
			children = (
				BD8B11E32C8614700058D960 /* HomeView.swift */,
				BD8B11F32C86150D0058D960 /* TopMoversItemView.swift */,
				BD8B11F52C8617640058D960 /* TopMoversView.swift */,
				BD8B11F72C861A070058D960 /* AllCoinsView.swift */,
				BD8B11F92C861A940058D960 /* CoinRowView.swift */,
			);
			path = View;
			sourceTree = "<group>";
		};
		BD8B11F22C8614B60058D960 /* ViewModel */ = {
			isa = PBXGroup;
			children = (
				BDD96BAA2C86EB800098F412 /* HomeViewModel.swift */,
			);
			path = ViewModel;
			sourceTree = "<group>";
		};
		BD8B11FB2C86256C0058D960 /* Model */ = {
			isa = PBXGroup;
			children = (
				BD8B11FC2C86257B0058D960 /* Coin.swift */,
			);
			path = Model;
			sourceTree = "<group>";
		};
		BDD96BAC2C86EE0C0098F412 /* Frameworks */ = {
			isa = PBXGroup;
			children = (
			);
			name = Frameworks;
			sourceTree = "<group>";
		};
		BDD96BB22C87032C0098F412 /* Extension */ = {
			isa = PBXGroup;
			children = (
				BDD96BB32C8703410098F412 /* Double+Formatter.swift */,
			);
			path = Extension;
			sourceTree = "<group>";
		};
/* End PBXGroup section */

/* Begin PBXNativeTarget section */
		BD8B11DD2C8614700058D960 /* CryptoDemo */ = {
			isa = PBXNativeTarget;
			buildConfigurationList = BD8B11EC2C8614730058D960 /* Build configuration list for PBXNativeTarget "CryptoDemo" */;
			buildPhases = (
				BD8B11DA2C8614700058D960 /* Sources */,
				BD8B11DB2C8614700058D960 /* Frameworks */,
				BD8B11DC2C8614700058D960 /* Resources */,
			);
			buildRules = (
			);
			dependencies = (
			);
			name = CryptoDemo;
			packageProductDependencies = (
				BDD96BB02C87013C0098F412 /* Kingfisher */,
				BDD96BB62C871CBD0098F412 /* CryptoRepoPackage */,
			);
			productName = CryptoDemo;
			productReference = BD8B11DE2C8614700058D960 /* CryptoDemo.app */;
			productType = "com.apple.product-type.application";
		};
/* End PBXNativeTarget section */

/* Begin PBXProject section */
		BD8B11D62C8614700058D960 /* Project object */ = {
			isa = PBXProject;
			attributes = {
				BuildIndependentTargetsInParallel = 1;
				LastSwiftUpdateCheck = 1540;
				LastUpgradeCheck = 1540;
				TargetAttributes = {
					BD8B11DD2C8614700058D960 = {
						CreatedOnToolsVersion = 15.4;
					};
				};
			};
			buildConfigurationList = BD8B11D92C8614700058D960 /* Build configuration list for PBXProject "CryptoDemo" */;
			compatibilityVersion = "Xcode 14.0";
			developmentRegion = en;
			hasScannedForEncodings = 0;
			knownRegions = (
				en,
				Base,
			);
			mainGroup = BD8B11D52C8614700058D960;
			packageReferences = (
				BDD96BAF2C87013C0098F412 /* XCRemoteSwiftPackageReference "Kingfisher" */,
				BDD96BB52C871CBD0098F412 /* XCRemoteSwiftPackageReference "cryptorepopackage" */,
			);
			productRefGroup = BD8B11DF2C8614700058D960 /* Products */;
			projectDirPath = "";
			projectRoot = "";
			targets = (
				BD8B11DD2C8614700058D960 /* CryptoDemo */,
			);
		};
/* End PBXProject section */

/* Begin PBXResourcesBuildPhase section */
		BD8B11DC2C8614700058D960 /* Resources */ = {
			isa = PBXResourcesBuildPhase;
			buildActionMask = 2147483647;
			files = (
				BD8B11E92C8614730058D960 /* Preview Assets.xcassets in Resources */,
				BD8B11E62C8614730058D960 /* Assets.xcassets in Resources */,
			);
			runOnlyForDeploymentPostprocessing = 0;
		};
/* End PBXResourcesBuildPhase section */

/* Begin PBXSourcesBuildPhase section */
		BD8B11DA2C8614700058D960 /* Sources */ = {
			isa = PBXSourcesBuildPhase;
			buildActionMask = 2147483647;
			files = (
				BD8B11FA2C861A940058D960 /* CoinRowView.swift in Sources */,
				BD8B11F62C8617640058D960 /* TopMoversView.swift in Sources */,
				BDD96BB42C8703410098F412 /* Double+Formatter.swift in Sources */,
				BD8B11F42C86150D0058D960 /* TopMoversItemView.swift in Sources */,
				BDD96BAB2C86EB800098F412 /* HomeViewModel.swift in Sources */,
				BD8B11F82C861A070058D960 /* AllCoinsView.swift in Sources */,
				BD8B11E42C8614700058D960 /* HomeView.swift in Sources */,
				BD8B11E22C8614700058D960 /* CryptoDemoApp.swift in Sources */,
				BD8B11FD2C86257B0058D960 /* Coin.swift in Sources */,
			);
			runOnlyForDeploymentPostprocessing = 0;
		};
/* End PBXSourcesBuildPhase section */

/* Begin XCBuildConfiguration section */
		BD8B11EA2C8614730058D960 /* Debug */ = {
			isa = XCBuildConfiguration;
			buildSettings = {
				ALWAYS_SEARCH_USER_PATHS = NO;
				ASSETCATALOG_COMPILER_GENERATE_SWIFT_ASSET_SYMBOL_EXTENSIONS = YES;
				CLANG_ANALYZER_NONNULL = YES;
				CLANG_ANALYZER_NUMBER_OBJECT_CONVERSION = YES_AGGRESSIVE;
				CLANG_CXX_LANGUAGE_STANDARD = "gnu++20";
				CLANG_ENABLE_MODULES = YES;
				CLANG_ENABLE_OBJC_ARC = YES;
				CLANG_ENABLE_OBJC_WEAK = YES;
				CLANG_WARN_BLOCK_CAPTURE_AUTORELEASING = YES;
				CLANG_WARN_BOOL_CONVERSION = YES;
				CLANG_WARN_COMMA = YES;
				CLANG_WARN_CONSTANT_CONVERSION = YES;
				CLANG_WARN_DEPRECATED_OBJC_IMPLEMENTATIONS = YES;
				CLANG_WARN_DIRECT_OBJC_ISA_USAGE = YES_ERROR;
				CLANG_WARN_DOCUMENTATION_COMMENTS = YES;
				CLANG_WARN_EMPTY_BODY = YES;
				CLANG_WARN_ENUM_CONVERSION = YES;
				CLANG_WARN_INFINITE_RECURSION = YES;
				CLANG_WARN_INT_CONVERSION = YES;
				CLANG_WARN_NON_LITERAL_NULL_CONVERSION = YES;
				CLANG_WARN_OBJC_IMPLICIT_RETAIN_SELF = YES;
				CLANG_WARN_OBJC_LITERAL_CONVERSION = YES;
				CLANG_WARN_OBJC_ROOT_CLASS = YES_ERROR;
				CLANG_WARN_QUOTED_INCLUDE_IN_FRAMEWORK_HEADER = YES;
				CLANG_WARN_RANGE_LOOP_ANALYSIS = YES;
				CLANG_WARN_STRICT_PROTOTYPES = YES;
				CLANG_WARN_SUSPICIOUS_MOVE = YES;
				CLANG_WARN_UNGUARDED_AVAILABILITY = YES_AGGRESSIVE;
				CLANG_WARN_UNREACHABLE_CODE = YES;
				CLANG_WARN__DUPLICATE_METHOD_MATCH = YES;
				COPY_PHASE_STRIP = NO;
				DEBUG_INFORMATION_FORMAT = dwarf;
				ENABLE_STRICT_OBJC_MSGSEND = YES;
				ENABLE_TESTABILITY = YES;
				ENABLE_USER_SCRIPT_SANDBOXING = YES;
				GCC_C_LANGUAGE_STANDARD = gnu17;
				GCC_DYNAMIC_NO_PIC = NO;
				GCC_NO_COMMON_BLOCKS = YES;
				GCC_OPTIMIZATION_LEVEL = 0;
				GCC_PREPROCESSOR_DEFINITIONS = (
					"DEBUG=1",
					"$(inherited)",
				);
				GCC_WARN_64_TO_32_BIT_CONVERSION = YES;
				GCC_WARN_ABOUT_RETURN_TYPE = YES_ERROR;
				GCC_WARN_UNDECLARED_SELECTOR = YES;
				GCC_WARN_UNINITIALIZED_AUTOS = YES_AGGRESSIVE;
				GCC_WARN_UNUSED_FUNCTION = YES;
				GCC_WARN_UNUSED_VARIABLE = YES;
				IPHONEOS_DEPLOYMENT_TARGET = 17.5;
				LOCALIZATION_PREFERS_STRING_CATALOGS = YES;
				MTL_ENABLE_DEBUG_INFO = INCLUDE_SOURCE;
				MTL_FAST_MATH = YES;
				ONLY_ACTIVE_ARCH = YES;
				SDKROOT = iphoneos;
				SWIFT_ACTIVE_COMPILATION_CONDITIONS = "DEBUG $(inherited)";
				SWIFT_OPTIMIZATION_LEVEL = "-Onone";
			};
			name = Debug;
		};
		BD8B11EB2C8614730058D960 /* Release */ = {
			isa = XCBuildConfiguration;
			buildSettings = {
				ALWAYS_SEARCH_USER_PATHS = NO;
				ASSETCATALOG_COMPILER_GENERATE_SWIFT_ASSET_SYMBOL_EXTENSIONS = YES;
				CLANG_ANALYZER_NONNULL = YES;
				CLANG_ANALYZER_NUMBER_OBJECT_CONVERSION = YES_AGGRESSIVE;
				CLANG_CXX_LANGUAGE_STANDARD = "gnu++20";
				CLANG_ENABLE_MODULES = YES;
				CLANG_ENABLE_OBJC_ARC = YES;
				CLANG_ENABLE_OBJC_WEAK = YES;
				CLANG_WARN_BLOCK_CAPTURE_AUTORELEASING = YES;
				CLANG_WARN_BOOL_CONVERSION = YES;
				CLANG_WARN_COMMA = YES;
				CLANG_WARN_CONSTANT_CONVERSION = YES;
				CLANG_WARN_DEPRECATED_OBJC_IMPLEMENTATIONS = YES;
				CLANG_WARN_DIRECT_OBJC_ISA_USAGE = YES_ERROR;
				CLANG_WARN_DOCUMENTATION_COMMENTS = YES;
				CLANG_WARN_EMPTY_BODY = YES;
				CLANG_WARN_ENUM_CONVERSION = YES;
				CLANG_WARN_INFINITE_RECURSION = YES;
				CLANG_WARN_INT_CONVERSION = YES;
				CLANG_WARN_NON_LITERAL_NULL_CONVERSION = YES;
				CLANG_WARN_OBJC_IMPLICIT_RETAIN_SELF = YES;
				CLANG_WARN_OBJC_LITERAL_CONVERSION = YES;
				CLANG_WARN_OBJC_ROOT_CLASS = YES_ERROR;
				CLANG_WARN_QUOTED_INCLUDE_IN_FRAMEWORK_HEADER = YES;
				CLANG_WARN_RANGE_LOOP_ANALYSIS = YES;
				CLANG_WARN_STRICT_PROTOTYPES = YES;
				CLANG_WARN_SUSPICIOUS_MOVE = YES;
				CLANG_WARN_UNGUARDED_AVAILABILITY = YES_AGGRESSIVE;
				CLANG_WARN_UNREACHABLE_CODE = YES;
				CLANG_WARN__DUPLICATE_METHOD_MATCH = YES;
				COPY_PHASE_STRIP = NO;
				DEBUG_INFORMATION_FORMAT = "dwarf-with-dsym";
				ENABLE_NS_ASSERTIONS = NO;
				ENABLE_STRICT_OBJC_MSGSEND = YES;
				ENABLE_USER_SCRIPT_SANDBOXING = YES;
				GCC_C_LANGUAGE_STANDARD = gnu17;
				GCC_NO_COMMON_BLOCKS = YES;
				GCC_WARN_64_TO_32_BIT_CONVERSION = YES;
				GCC_WARN_ABOUT_RETURN_TYPE = YES_ERROR;
				GCC_WARN_UNDECLARED_SELECTOR = YES;
				GCC_WARN_UNINITIALIZED_AUTOS = YES_AGGRESSIVE;
				GCC_WARN_UNUSED_FUNCTION = YES;
				GCC_WARN_UNUSED_VARIABLE = YES;
				IPHONEOS_DEPLOYMENT_TARGET = 17.5;
				LOCALIZATION_PREFERS_STRING_CATALOGS = YES;
				MTL_ENABLE_DEBUG_INFO = NO;
				MTL_FAST_MATH = YES;
				SDKROOT = iphoneos;
				SWIFT_COMPILATION_MODE = wholemodule;
				VALIDATE_PRODUCT = YES;
			};
			name = Release;
		};
		BD8B11ED2C8614730058D960 /* Debug */ = {
			isa = XCBuildConfiguration;
			buildSettings = {
				ASSETCATALOG_COMPILER_APPICON_NAME = AppIcon;
				ASSETCATALOG_COMPILER_GLOBAL_ACCENT_COLOR_NAME = AccentColor;
				CODE_SIGN_STYLE = Automatic;
				CURRENT_PROJECT_VERSION = 1;
				DEVELOPMENT_ASSET_PATHS = "\"CryptoDemo/Preview Content\"";
				DEVELOPMENT_TEAM = UZ8Z6MM7C2;
				ENABLE_PREVIEWS = YES;
				GENERATE_INFOPLIST_FILE = YES;
				INFOPLIST_KEY_UIApplicationSceneManifest_Generation = YES;
				INFOPLIST_KEY_UIApplicationSupportsIndirectInputEvents = YES;
				INFOPLIST_KEY_UILaunchScreen_Generation = YES;
				INFOPLIST_KEY_UISupportedInterfaceOrientations_iPad = "UIInterfaceOrientationPortrait UIInterfaceOrientationPortraitUpsideDown UIInterfaceOrientationLandscapeLeft UIInterfaceOrientationLandscapeRight";
				INFOPLIST_KEY_UISupportedInterfaceOrientations_iPhone = "UIInterfaceOrientationPortrait UIInterfaceOrientationLandscapeLeft UIInterfaceOrientationLandscapeRight";
				LD_RUNPATH_SEARCH_PATHS = (
					"$(inherited)",
					"@executable_path/Frameworks",
				);
				MARKETING_VERSION = 1.0;
				PRODUCT_BUNDLE_IDENTIFIER = com.mogro.au.CryptoDemo;
				PRODUCT_NAME = "$(TARGET_NAME)";
				SWIFT_EMIT_LOC_STRINGS = YES;
				SWIFT_VERSION = 5.0;
				TARGETED_DEVICE_FAMILY = "1,2";
			};
			name = Debug;
		};
		BD8B11EE2C8614730058D960 /* Release */ = {
			isa = XCBuildConfiguration;
			buildSettings = {
				ASSETCATALOG_COMPILER_APPICON_NAME = AppIcon;
				ASSETCATALOG_COMPILER_GLOBAL_ACCENT_COLOR_NAME = AccentColor;
				CODE_SIGN_STYLE = Automatic;
				CURRENT_PROJECT_VERSION = 1;
				DEVELOPMENT_ASSET_PATHS = "\"CryptoDemo/Preview Content\"";
				DEVELOPMENT_TEAM = UZ8Z6MM7C2;
				ENABLE_PREVIEWS = YES;
				GENERATE_INFOPLIST_FILE = YES;
				INFOPLIST_KEY_UIApplicationSceneManifest_Generation = YES;
				INFOPLIST_KEY_UIApplicationSupportsIndirectInputEvents = YES;
				INFOPLIST_KEY_UILaunchScreen_Generation = YES;
				INFOPLIST_KEY_UISupportedInterfaceOrientations_iPad = "UIInterfaceOrientationPortrait UIInterfaceOrientationPortraitUpsideDown UIInterfaceOrientationLandscapeLeft UIInterfaceOrientationLandscapeRight";
				INFOPLIST_KEY_UISupportedInterfaceOrientations_iPhone = "UIInterfaceOrientationPortrait UIInterfaceOrientationLandscapeLeft UIInterfaceOrientationLandscapeRight";
				LD_RUNPATH_SEARCH_PATHS = (
					"$(inherited)",
					"@executable_path/Frameworks",
				);
				MARKETING_VERSION = 1.0;
				PRODUCT_BUNDLE_IDENTIFIER = com.mogro.au.CryptoDemo;
				PRODUCT_NAME = "$(TARGET_NAME)";
				SWIFT_EMIT_LOC_STRINGS = YES;
				SWIFT_VERSION = 5.0;
				TARGETED_DEVICE_FAMILY = "1,2";
			};
			name = Release;
		};
/* End XCBuildConfiguration section */

/* Begin XCConfigurationList section */
		BD8B11D92C8614700058D960 /* Build configuration list for PBXProject "CryptoDemo" */ = {
			isa = XCConfigurationList;
			buildConfigurations = (
				BD8B11EA2C8614730058D960 /* Debug */,
				BD8B11EB2C8614730058D960 /* Release */,
			);
			defaultConfigurationIsVisible = 0;
			defaultConfigurationName = Release;
		};
		BD8B11EC2C8614730058D960 /* Build configuration list for PBXNativeTarget "CryptoDemo" */ = {
			isa = XCConfigurationList;
			buildConfigurations = (
				BD8B11ED2C8614730058D960 /* Debug */,
				BD8B11EE2C8614730058D960 /* Release */,
			);
			defaultConfigurationIsVisible = 0;
			defaultConfigurationName = Release;
		};
/* End XCConfigurationList section */

/* Begin XCRemoteSwiftPackageReference section */
		BDD96BAF2C87013C0098F412 /* XCRemoteSwiftPackageReference "Kingfisher" */ = {
			isa = XCRemoteSwiftPackageReference;
			repositoryURL = "https://github.com/onevcat/Kingfisher.git";
			requirement = {
				kind = upToNextMajorVersion;
				minimumVersion = 7.12.0;
			};
		};
		BDD96BB52C871CBD0098F412 /* XCRemoteSwiftPackageReference "cryptorepopackage" */ = {
			isa = XCRemoteSwiftPackageReference;
			repositoryURL = "https://github.com/marcelomogrovejo/cryptorepopackage.git";
			requirement = {
				branch = main;
				kind = branch;
			};
		};
/* End XCRemoteSwiftPackageReference section */

/* Begin XCSwiftPackageProductDependency section */
		BDD96BB02C87013C0098F412 /* Kingfisher */ = {
			isa = XCSwiftPackageProductDependency;
			package = BDD96BAF2C87013C0098F412 /* XCRemoteSwiftPackageReference "Kingfisher" */;
			productName = Kingfisher;
		};
		BDD96BB62C871CBD0098F412 /* CryptoRepoPackage */ = {
			isa = XCSwiftPackageProductDependency;
			package = BDD96BB52C871CBD0098F412 /* XCRemoteSwiftPackageReference "cryptorepopackage" */;
			productName = CryptoRepoPackage;
		};
/* End XCSwiftPackageProductDependency section */
	};
	rootObject = BD8B11D62C8614700058D960 /* Project object */;
}
